// !$*UTF8*$!
{
	archiveVersion = 1;
	classes = {
	};
	objectVersion = 46;
	objects = {

/* Begin PBXBuildFile section */
		0A016C731AC4AEB900590E32 /* Main.storyboard in Resources */ = {isa = PBXBuildFile; fileRef = 0A016C711AC4AEB900590E32 /* Main.storyboard */; };
		0A1E6C131ACB579700142684 /* SettingsViewController.swift in Sources */ = {isa = PBXBuildFile; fileRef = 0A1E6C121ACB579700142684 /* SettingsViewController.swift */; };
		0A2A1BA81BEFD6A700587FAE /* ProjectTexts.strings in Resources */ = {isa = PBXBuildFile; fileRef = 0A2A1BA71BEFD6A700587FAE /* ProjectTexts.strings */; };
		0A3F9EF91AC0C2BC008C6A4E /* AppDelegate.swift in Sources */ = {isa = PBXBuildFile; fileRef = 0A3F9EF81AC0C2BC008C6A4E /* AppDelegate.swift */; };
		0A3F9F001AC0C2BC008C6A4E /* Images.xcassets in Resources */ = {isa = PBXBuildFile; fileRef = 0A3F9EFF1AC0C2BC008C6A4E /* Images.xcassets */; };
		0A4C62CB1B6584BD00178BF5 /* MainViewController.swift in Sources */ = {isa = PBXBuildFile; fileRef = 0A4C62CA1B6584BD00178BF5 /* MainViewController.swift */; };
		0A4C62D11B659FCD00178BF5 /* MainViewModel.swift in Sources */ = {isa = PBXBuildFile; fileRef = 0A4C62D01B659FCD00178BF5 /* MainViewModel.swift */; };
		0A4C62D31B66E68700178BF5 /* PreferenceUtils.swift in Sources */ = {isa = PBXBuildFile; fileRef = 0A4C62D21B66E68700178BF5 /* PreferenceUtils.swift */; };
		0A7177091B55AB59000CA6E0 /* Fabric.framework in Frameworks */ = {isa = PBXBuildFile; fileRef = 0A7177071B55AB59000CA6E0 /* Fabric.framework */; };
		0A71770B1B55AB59000CA6E0 /* Crashlytics.framework in Frameworks */ = {isa = PBXBuildFile; fileRef = 0A7177081B55AB59000CA6E0 /* Crashlytics.framework */; };
		0A71770E1B55ABDF000CA6E0 /* libc++.dylib in Frameworks */ = {isa = PBXBuildFile; fileRef = 0A71770D1B55ABDF000CA6E0 /* libc++.dylib */; };
		0A7177101B55ABE8000CA6E0 /* libz.dylib in Frameworks */ = {isa = PBXBuildFile; fileRef = 0A71770F1B55ABE8000CA6E0 /* libz.dylib */; };
		0A7177121B55ABF0000CA6E0 /* Security.framework in Frameworks */ = {isa = PBXBuildFile; fileRef = 0A7177111B55ABF0000CA6E0 /* Security.framework */; };
		0A7177141B55ABFA000CA6E0 /* SystemConfiguration.framework in Frameworks */ = {isa = PBXBuildFile; fileRef = 0A7177131B55ABF9000CA6E0 /* SystemConfiguration.framework */; };
		0A71771D1B55B149000CA6E0 /* ReactiveCocoa.framework in Embed Frameworks */ = {isa = PBXBuildFile; fileRef = 0A7177191B55ADB4000CA6E0 /* ReactiveCocoa.framework */; settings = {ATTRIBUTES = (CodeSignOnCopy, RemoveHeadersOnCopy, ); }; };
		0A71771F1B55BA9A000CA6E0 /* Pods_Kodi_Remote.framework in Frameworks */ = {isa = PBXBuildFile; fileRef = 52B2AE5329A537DA9172082B /* Pods_Kodi_Remote.framework */; };
		0A8A489A1AC4AF3E000EB0CF /* APIManager.swift in Sources */ = {isa = PBXBuildFile; fileRef = 0A8A48991AC4AF3E000EB0CF /* APIManager.swift */; };
		0A8A489E1AC4AF5C000EB0CF /* WindowController.swift in Sources */ = {isa = PBXBuildFile; fileRef = 0A8A489D1AC4AF5C000EB0CF /* WindowController.swift */; };
		0A8A48A11AC4B0FF000EB0CF /* ResponderView.swift in Sources */ = {isa = PBXBuildFile; fileRef = 0A8A48A01AC4B0FF000EB0CF /* ResponderView.swift */; };
		0A9D39CC1ACDE2E300223DB3 /* Constants.swift in Sources */ = {isa = PBXBuildFile; fileRef = 0A9D39CB1ACDE2E300223DB3 /* Constants.swift */; };
		0AA7A1D11B8E749E0014FCF4 /* back.png in Resources */ = {isa = PBXBuildFile; fileRef = 0AA7A1C31B8E749E0014FCF4 /* back.png */; };
		0AA7A1D21B8E749E0014FCF4 /* back@2x.png in Resources */ = {isa = PBXBuildFile; fileRef = 0AA7A1C41B8E749E0014FCF4 /* back@2x.png */; };
		0AA7A1D31B8E749E0014FCF4 /* bottom.png in Resources */ = {isa = PBXBuildFile; fileRef = 0AA7A1C51B8E749E0014FCF4 /* bottom.png */; };
		0AA7A1D41B8E749E0014FCF4 /* bottom@2x.png in Resources */ = {isa = PBXBuildFile; fileRef = 0AA7A1C61B8E749E0014FCF4 /* bottom@2x.png */; };
		0AA7A1D51B8E749E0014FCF4 /* left.png in Resources */ = {isa = PBXBuildFile; fileRef = 0AA7A1C71B8E749E0014FCF4 /* left.png */; };
		0AA7A1D61B8E749E0014FCF4 /* left@2x.png in Resources */ = {isa = PBXBuildFile; fileRef = 0AA7A1C81B8E749E0014FCF4 /* left@2x.png */; };
		0AA7A1D71B8E749E0014FCF4 /* menu.png in Resources */ = {isa = PBXBuildFile; fileRef = 0AA7A1C91B8E749E0014FCF4 /* menu.png */; };
		0AA7A1D81B8E749E0014FCF4 /* menu@2x.png in Resources */ = {isa = PBXBuildFile; fileRef = 0AA7A1CA1B8E749E0014FCF4 /* menu@2x.png */; };
		0AA7A1D91B8E749E0014FCF4 /* play_pause.png in Resources */ = {isa = PBXBuildFile; fileRef = 0AA7A1CB1B8E749E0014FCF4 /* play_pause.png */; };
		0AA7A1DA1B8E749E0014FCF4 /* play_pause@2x.png in Resources */ = {isa = PBXBuildFile; fileRef = 0AA7A1CC1B8E749E0014FCF4 /* play_pause@2x.png */; };
		0AA7A1DB1B8E749E0014FCF4 /* right.png in Resources */ = {isa = PBXBuildFile; fileRef = 0AA7A1CD1B8E749E0014FCF4 /* right.png */; };
		0AA7A1DC1B8E749E0014FCF4 /* right@2x.png in Resources */ = {isa = PBXBuildFile; fileRef = 0AA7A1CE1B8E749E0014FCF4 /* right@2x.png */; };
		0AA7A1DD1B8E749E0014FCF4 /* top.png in Resources */ = {isa = PBXBuildFile; fileRef = 0AA7A1CF1B8E749E0014FCF4 /* top.png */; };
		0AA7A1DE1B8E749E0014FCF4 /* top@2x.png in Resources */ = {isa = PBXBuildFile; fileRef = 0AA7A1D01B8E749E0014FCF4 /* top@2x.png */; };
		0AA7A1E01B8E78490014FCF4 /* TransparentButton.swift in Sources */ = {isa = PBXBuildFile; fileRef = 0AA7A1DF1B8E78490014FCF4 /* TransparentButton.swift */; };
		0AA7A1E31B8E7C9A0014FCF4 /* secondary_action.png in Resources */ = {isa = PBXBuildFile; fileRef = 0AA7A1E11B8E7C9A0014FCF4 /* secondary_action.png */; };
		0AA7A1E41B8E7C9A0014FCF4 /* secondary_action@2x.png in Resources */ = {isa = PBXBuildFile; fileRef = 0AA7A1E21B8E7C9A0014FCF4 /* secondary_action@2x.png */; };
		0AF2EE5A1BEFCA3000395313 /* automatic_versioning.sh in Resources */ = {isa = PBXBuildFile; fileRef = 0AF2EE591BEFCA3000395313 /* automatic_versioning.sh */; };
/* End PBXBuildFile section */

/* Begin PBXCopyFilesBuildPhase section */
		0A71771E1B55B149000CA6E0 /* Embed Frameworks */ = {
			isa = PBXCopyFilesBuildPhase;
			buildActionMask = 2147483647;
			dstPath = "";
			dstSubfolderSpec = 10;
			files = (
				0A71771D1B55B149000CA6E0 /* ReactiveCocoa.framework in Embed Frameworks */,
			);
			name = "Embed Frameworks";
			runOnlyForDeploymentPostprocessing = 0;
		};
/* End PBXCopyFilesBuildPhase section */

/* Begin PBXFileReference section */
		0A016C721AC4AEB900590E32 /* Base */ = {isa = PBXFileReference; lastKnownFileType = file.storyboard; name = Base; path = Base.lproj/Main.storyboard; sourceTree = "<group>"; };
		0A1E6C121ACB579700142684 /* SettingsViewController.swift */ = {isa = PBXFileReference; fileEncoding = 4; lastKnownFileType = sourcecode.swift; path = SettingsViewController.swift; sourceTree = "<group>"; };
		0A2A1BA71BEFD6A700587FAE /* ProjectTexts.strings */ = {isa = PBXFileReference; fileEncoding = 4; lastKnownFileType = text.plist.strings; path = ProjectTexts.strings; sourceTree = "<group>"; };
		0A3F9EF31AC0C2BC008C6A4E /* Kodi Remote.app */ = {isa = PBXFileReference; explicitFileType = wrapper.application; includeInIndex = 0; path = "Kodi Remote.app"; sourceTree = BUILT_PRODUCTS_DIR; };
		0A3F9EF71AC0C2BC008C6A4E /* Info.plist */ = {isa = PBXFileReference; lastKnownFileType = text.plist.xml; path = Info.plist; sourceTree = "<group>"; };
		0A3F9EF81AC0C2BC008C6A4E /* AppDelegate.swift */ = {isa = PBXFileReference; lastKnownFileType = sourcecode.swift; path = AppDelegate.swift; sourceTree = "<group>"; };
		0A3F9EFF1AC0C2BC008C6A4E /* Images.xcassets */ = {isa = PBXFileReference; lastKnownFileType = folder.assetcatalog; name = Images.xcassets; path = "../../Kodi Remote/Images.xcassets"; sourceTree = "<group>"; };
		0A3F9F0D1AC0C2BC008C6A4E /* Info.plist */ = {isa = PBXFileReference; lastKnownFileType = text.plist.xml; path = Info.plist; sourceTree = "<group>"; };
		0A3F9F0E1AC0C2BC008C6A4E /* Kodi_RemoteTests.swift */ = {isa = PBXFileReference; lastKnownFileType = sourcecode.swift; path = Kodi_RemoteTests.swift; sourceTree = "<group>"; };
		0A4C62CA1B6584BD00178BF5 /* MainViewController.swift */ = {isa = PBXFileReference; fileEncoding = 4; lastKnownFileType = sourcecode.swift; path = MainViewController.swift; sourceTree = "<group>"; };
		0A4C62CD1B65878600178BF5 /* SwiftLog.framework */ = {isa = PBXFileReference; lastKnownFileType = wrapper.framework; name = SwiftLog.framework; path = "Pods/../build/Debug/Pods-Kodi Remote/SwiftLog.framework"; sourceTree = "<group>"; };
		0A4C62D01B659FCD00178BF5 /* MainViewModel.swift */ = {isa = PBXFileReference; fileEncoding = 4; lastKnownFileType = sourcecode.swift; name = MainViewModel.swift; path = ViewModels/MainViewModel.swift; sourceTree = "<group>"; };
		0A4C62D21B66E68700178BF5 /* PreferenceUtils.swift */ = {isa = PBXFileReference; fileEncoding = 4; lastKnownFileType = sourcecode.swift; path = PreferenceUtils.swift; sourceTree = "<group>"; };
		0A7177071B55AB59000CA6E0 /* Fabric.framework */ = {isa = PBXFileReference; lastKnownFileType = wrapper.framework; path = Fabric.framework; sourceTree = "<group>"; };
		0A7177081B55AB59000CA6E0 /* Crashlytics.framework */ = {isa = PBXFileReference; lastKnownFileType = wrapper.framework; path = Crashlytics.framework; sourceTree = "<group>"; };
		0A71770D1B55ABDF000CA6E0 /* libc++.dylib */ = {isa = PBXFileReference; lastKnownFileType = "compiled.mach-o.dylib"; name = "libc++.dylib"; path = "usr/lib/libc++.dylib"; sourceTree = SDKROOT; };
		0A71770F1B55ABE8000CA6E0 /* libz.dylib */ = {isa = PBXFileReference; lastKnownFileType = "compiled.mach-o.dylib"; name = libz.dylib; path = usr/lib/libz.dylib; sourceTree = SDKROOT; };
		0A7177111B55ABF0000CA6E0 /* Security.framework */ = {isa = PBXFileReference; lastKnownFileType = wrapper.framework; name = Security.framework; path = System/Library/Frameworks/Security.framework; sourceTree = SDKROOT; };
		0A7177131B55ABF9000CA6E0 /* SystemConfiguration.framework */ = {isa = PBXFileReference; lastKnownFileType = wrapper.framework; name = SystemConfiguration.framework; path = System/Library/Frameworks/SystemConfiguration.framework; sourceTree = SDKROOT; };
		0A7177191B55ADB4000CA6E0 /* ReactiveCocoa.framework */ = {isa = PBXFileReference; lastKnownFileType = wrapper.framework; path = ReactiveCocoa.framework; sourceTree = "<group>"; };
		0A8A48991AC4AF3E000EB0CF /* APIManager.swift */ = {isa = PBXFileReference; fileEncoding = 4; lastKnownFileType = sourcecode.swift; path = APIManager.swift; sourceTree = "<group>"; };
		0A8A489D1AC4AF5C000EB0CF /* WindowController.swift */ = {isa = PBXFileReference; fileEncoding = 4; lastKnownFileType = sourcecode.swift; path = WindowController.swift; sourceTree = "<group>"; };
		0A8A48A01AC4B0FF000EB0CF /* ResponderView.swift */ = {isa = PBXFileReference; fileEncoding = 4; lastKnownFileType = sourcecode.swift; path = ResponderView.swift; sourceTree = "<group>"; };
		0A9D39CB1ACDE2E300223DB3 /* Constants.swift */ = {isa = PBXFileReference; fileEncoding = 4; lastKnownFileType = sourcecode.swift; path = Constants.swift; sourceTree = "<group>"; };
		0AA7A1C31B8E749E0014FCF4 /* back.png */ = {isa = PBXFileReference; lastKnownFileType = image.png; path = back.png; sourceTree = "<group>"; };
		0AA7A1C41B8E749E0014FCF4 /* back@2x.png */ = {isa = PBXFileReference; lastKnownFileType = image.png; path = "back@2x.png"; sourceTree = "<group>"; };
		0AA7A1C51B8E749E0014FCF4 /* bottom.png */ = {isa = PBXFileReference; lastKnownFileType = image.png; path = bottom.png; sourceTree = "<group>"; };
		0AA7A1C61B8E749E0014FCF4 /* bottom@2x.png */ = {isa = PBXFileReference; lastKnownFileType = image.png; path = "bottom@2x.png"; sourceTree = "<group>"; };
		0AA7A1C71B8E749E0014FCF4 /* left.png */ = {isa = PBXFileReference; lastKnownFileType = image.png; path = left.png; sourceTree = "<group>"; };
		0AA7A1C81B8E749E0014FCF4 /* left@2x.png */ = {isa = PBXFileReference; lastKnownFileType = image.png; path = "left@2x.png"; sourceTree = "<group>"; };
		0AA7A1C91B8E749E0014FCF4 /* menu.png */ = {isa = PBXFileReference; lastKnownFileType = image.png; path = menu.png; sourceTree = "<group>"; };
		0AA7A1CA1B8E749E0014FCF4 /* menu@2x.png */ = {isa = PBXFileReference; lastKnownFileType = image.png; path = "menu@2x.png"; sourceTree = "<group>"; };
		0AA7A1CB1B8E749E0014FCF4 /* play_pause.png */ = {isa = PBXFileReference; lastKnownFileType = image.png; path = play_pause.png; sourceTree = "<group>"; };
		0AA7A1CC1B8E749E0014FCF4 /* play_pause@2x.png */ = {isa = PBXFileReference; lastKnownFileType = image.png; path = "play_pause@2x.png"; sourceTree = "<group>"; };
		0AA7A1CD1B8E749E0014FCF4 /* right.png */ = {isa = PBXFileReference; lastKnownFileType = image.png; path = right.png; sourceTree = "<group>"; };
		0AA7A1CE1B8E749E0014FCF4 /* right@2x.png */ = {isa = PBXFileReference; lastKnownFileType = image.png; path = "right@2x.png"; sourceTree = "<group>"; };
		0AA7A1CF1B8E749E0014FCF4 /* top.png */ = {isa = PBXFileReference; lastKnownFileType = image.png; path = top.png; sourceTree = "<group>"; };
		0AA7A1D01B8E749E0014FCF4 /* top@2x.png */ = {isa = PBXFileReference; lastKnownFileType = image.png; path = "top@2x.png"; sourceTree = "<group>"; };
		0AA7A1DF1B8E78490014FCF4 /* TransparentButton.swift */ = {isa = PBXFileReference; fileEncoding = 4; lastKnownFileType = sourcecode.swift; path = TransparentButton.swift; sourceTree = "<group>"; };
		0AA7A1E11B8E7C9A0014FCF4 /* secondary_action.png */ = {isa = PBXFileReference; lastKnownFileType = image.png; path = secondary_action.png; sourceTree = "<group>"; };
		0AA7A1E21B8E7C9A0014FCF4 /* secondary_action@2x.png */ = {isa = PBXFileReference; lastKnownFileType = image.png; path = "secondary_action@2x.png"; sourceTree = "<group>"; };
		0AF2EE591BEFCA3000395313 /* automatic_versioning.sh */ = {isa = PBXFileReference; fileEncoding = 4; lastKnownFileType = text.script.sh; path = automatic_versioning.sh; sourceTree = "<group>"; };
		14042A5C9B757E5A202DEC29 /* Pods-Kodi Remote.release.xcconfig */ = {isa = PBXFileReference; includeInIndex = 1; lastKnownFileType = text.xcconfig; name = "Pods-Kodi Remote.release.xcconfig"; path = "Pods/Target Support Files/Pods-Kodi Remote/Pods-Kodi Remote.release.xcconfig"; sourceTree = "<group>"; };
		20E51806F2D31FE52785684C /* Pods-Kodi Remote.debug.xcconfig */ = {isa = PBXFileReference; includeInIndex = 1; lastKnownFileType = text.xcconfig; name = "Pods-Kodi Remote.debug.xcconfig"; path = "Pods/Target Support Files/Pods-Kodi Remote/Pods-Kodi Remote.debug.xcconfig"; sourceTree = "<group>"; };
		52B2AE5329A537DA9172082B /* Pods_Kodi_Remote.framework */ = {isa = PBXFileReference; explicitFileType = wrapper.framework; includeInIndex = 0; path = Pods_Kodi_Remote.framework; sourceTree = BUILT_PRODUCTS_DIR; };
		59CB53679F328BC50C70A07B /* Pods-Kodi RemoteTests.release.xcconfig */ = {isa = PBXFileReference; includeInIndex = 1; lastKnownFileType = text.xcconfig; name = "Pods-Kodi RemoteTests.release.xcconfig"; path = "Pods/Target Support Files/Pods-Kodi RemoteTests/Pods-Kodi RemoteTests.release.xcconfig"; sourceTree = "<group>"; };
		79BB9F64A85A0C0F988BEF94 /* Pods-Kodi RemoteTests.debug.xcconfig */ = {isa = PBXFileReference; includeInIndex = 1; lastKnownFileType = text.xcconfig; name = "Pods-Kodi RemoteTests.debug.xcconfig"; path = "Pods/Target Support Files/Pods-Kodi RemoteTests/Pods-Kodi RemoteTests.debug.xcconfig"; sourceTree = "<group>"; };
		EA95699BEF8F153606EAEE3F /* Pods_Kodi_RemoteTests.framework */ = {isa = PBXFileReference; explicitFileType = wrapper.framework; includeInIndex = 0; path = Pods_Kodi_RemoteTests.framework; sourceTree = BUILT_PRODUCTS_DIR; };
/* End PBXFileReference section */

/* Begin PBXFrameworksBuildPhase section */
		0A3F9EF01AC0C2BC008C6A4E /* Frameworks */ = {
			isa = PBXFrameworksBuildPhase;
			buildActionMask = 2147483647;
			files = (
				0A7177141B55ABFA000CA6E0 /* SystemConfiguration.framework in Frameworks */,
				0A71771F1B55BA9A000CA6E0 /* Pods_Kodi_Remote.framework in Frameworks */,
				0A7177121B55ABF0000CA6E0 /* Security.framework in Frameworks */,
				0A7177101B55ABE8000CA6E0 /* libz.dylib in Frameworks */,
				0A71770E1B55ABDF000CA6E0 /* libc++.dylib in Frameworks */,
				0A71770B1B55AB59000CA6E0 /* Crashlytics.framework in Frameworks */,
				0A7177091B55AB59000CA6E0 /* Fabric.framework in Frameworks */,
			);
			runOnlyForDeploymentPostprocessing = 0;
		};
/* End PBXFrameworksBuildPhase section */

/* Begin PBXGroup section */
		0A016C491AC36C3C00590E32 /* Resources */ = {
			isa = PBXGroup;
			children = (
				0A2A1BA61BEFD6A700587FAE /* Strings */,
				0A016C4A1AC36C4600590E32 /* Imgs */,
			);
			path = Resources;
			sourceTree = SOURCE_ROOT;
		};
		0A016C4A1AC36C4600590E32 /* Imgs */ = {
			isa = PBXGroup;
			children = (
				0AA7A1E11B8E7C9A0014FCF4 /* secondary_action.png */,
				0AA7A1E21B8E7C9A0014FCF4 /* secondary_action@2x.png */,
				0AA7A1C31B8E749E0014FCF4 /* back.png */,
				0AA7A1C41B8E749E0014FCF4 /* back@2x.png */,
				0AA7A1C51B8E749E0014FCF4 /* bottom.png */,
				0AA7A1C61B8E749E0014FCF4 /* bottom@2x.png */,
				0AA7A1C71B8E749E0014FCF4 /* left.png */,
				0AA7A1C81B8E749E0014FCF4 /* left@2x.png */,
				0AA7A1C91B8E749E0014FCF4 /* menu.png */,
				0AA7A1CA1B8E749E0014FCF4 /* menu@2x.png */,
				0AA7A1CB1B8E749E0014FCF4 /* play_pause.png */,
				0AA7A1CC1B8E749E0014FCF4 /* play_pause@2x.png */,
				0AA7A1CD1B8E749E0014FCF4 /* right.png */,
				0AA7A1CE1B8E749E0014FCF4 /* right@2x.png */,
				0AA7A1CF1B8E749E0014FCF4 /* top.png */,
				0AA7A1D01B8E749E0014FCF4 /* top@2x.png */,
				0A3F9EFF1AC0C2BC008C6A4E /* Images.xcassets */,
			);
			path = Imgs;
			sourceTree = "<group>";
		};
		0A016C701AC4AEB900590E32 /* Views */ = {
			isa = PBXGroup;
			children = (
				0AA7A1DF1B8E78490014FCF4 /* TransparentButton.swift */,
				0A8A48A01AC4B0FF000EB0CF /* ResponderView.swift */,
				0A016C711AC4AEB900590E32 /* Main.storyboard */,
			);
			path = Views;
			sourceTree = "<group>";
		};
		0A2A1BA61BEFD6A700587FAE /* Strings */ = {
			isa = PBXGroup;
			children = (
				0A2A1BA71BEFD6A700587FAE /* ProjectTexts.strings */,
			);
			path = Strings;
			sourceTree = "<group>";
		};
		0A3F9EEA1AC0C2BC008C6A4E = {
			isa = PBXGroup;
			children = (
				0AF2EE591BEFCA3000395313 /* automatic_versioning.sh */,
				0A3F9EF51AC0C2BC008C6A4E /* Kodi Remote */,
				0A3F9F0B1AC0C2BC008C6A4E /* Kodi RemoteTests */,
				0A3F9EF41AC0C2BC008C6A4E /* Products */,
				C57213F09F2D2A84C06E72DF /* Pods */,
				ADD37F41870A7FE965077237 /* Frameworks */,
			);
			sourceTree = "<group>";
		};
		0A3F9EF41AC0C2BC008C6A4E /* Products */ = {
			isa = PBXGroup;
			children = (
				0A3F9EF31AC0C2BC008C6A4E /* Kodi Remote.app */,
			);
			name = Products;
			sourceTree = "<group>";
		};
		0A3F9EF51AC0C2BC008C6A4E /* Kodi Remote */ = {
			isa = PBXGroup;
			children = (
				0A3F9EF81AC0C2BC008C6A4E /* AppDelegate.swift */,
				0A9D39CA1ACDE2CE00223DB3 /* Defines */,
				0A8A489C1AC4AF5C000EB0CF /* Controllers */,
				0A8A48981AC4AF3E000EB0CF /* Managers */,
				0A016C701AC4AEB900590E32 /* Views */,
				0A4C62CF1B659F8300178BF5 /* ViewModels */,
				0A016C491AC36C3C00590E32 /* Resources */,
				0A3F9EF61AC0C2BC008C6A4E /* Supporting Files */,
				0A9D39CE1ACDE3A600223DB3 /* Utils */,
			);
			path = "Kodi Remote";
			sourceTree = "<group>";
		};
		0A3F9EF61AC0C2BC008C6A4E /* Supporting Files */ = {
			isa = PBXGroup;
			children = (
				0A3F9EF71AC0C2BC008C6A4E /* Info.plist */,
			);
			name = "Supporting Files";
			sourceTree = "<group>";
		};
		0A3F9F0B1AC0C2BC008C6A4E /* Kodi RemoteTests */ = {
			isa = PBXGroup;
			children = (
				0A3F9F0E1AC0C2BC008C6A4E /* Kodi_RemoteTests.swift */,
				0A3F9F0C1AC0C2BC008C6A4E /* Supporting Files */,
			);
			path = "Kodi RemoteTests";
			sourceTree = "<group>";
		};
		0A3F9F0C1AC0C2BC008C6A4E /* Supporting Files */ = {
			isa = PBXGroup;
			children = (
				0A3F9F0D1AC0C2BC008C6A4E /* Info.plist */,
			);
			name = "Supporting Files";
			sourceTree = "<group>";
		};
		0A4C62CF1B659F8300178BF5 /* ViewModels */ = {
			isa = PBXGroup;
			children = (
				0A4C62D01B659FCD00178BF5 /* MainViewModel.swift */,
			);
			name = ViewModels;
			sourceTree = "<group>";
		};
		0A8A48941AC4AF36000EB0CF /* ViewControllers */ = {
			isa = PBXGroup;
			children = (
				0A4C62CA1B6584BD00178BF5 /* MainViewController.swift */,
				0A1E6C121ACB579700142684 /* SettingsViewController.swift */,
			);
			name = ViewControllers;
			path = ../ViewControllers;
			sourceTree = "<group>";
		};
		0A8A48981AC4AF3E000EB0CF /* Managers */ = {
			isa = PBXGroup;
			children = (
				0A8A48991AC4AF3E000EB0CF /* APIManager.swift */,
			);
			path = Managers;
			sourceTree = "<group>";
		};
		0A8A489C1AC4AF5C000EB0CF /* Controllers */ = {
			isa = PBXGroup;
			children = (
				0A8A489D1AC4AF5C000EB0CF /* WindowController.swift */,
				0A8A48941AC4AF36000EB0CF /* ViewControllers */,
			);
			path = Controllers;
			sourceTree = "<group>";
		};
		0A9D39CA1ACDE2CE00223DB3 /* Defines */ = {
			isa = PBXGroup;
			children = (
				0A9D39CB1ACDE2E300223DB3 /* Constants.swift */,
			);
			path = Defines;
			sourceTree = "<group>";
		};
		0A9D39CE1ACDE3A600223DB3 /* Utils */ = {
			isa = PBXGroup;
			children = (
				0A4C62D21B66E68700178BF5 /* PreferenceUtils.swift */,
			);
			path = Utils;
			sourceTree = "<group>";
		};
		ADD37F41870A7FE965077237 /* Frameworks */ = {
			isa = PBXGroup;
			children = (
				0A4C62CD1B65878600178BF5 /* SwiftLog.framework */,
				0A7177191B55ADB4000CA6E0 /* ReactiveCocoa.framework */,
				0A7177131B55ABF9000CA6E0 /* SystemConfiguration.framework */,
				0A7177111B55ABF0000CA6E0 /* Security.framework */,
				0A71770F1B55ABE8000CA6E0 /* libz.dylib */,
				0A71770D1B55ABDF000CA6E0 /* libc++.dylib */,
				0A7177071B55AB59000CA6E0 /* Fabric.framework */,
				0A7177081B55AB59000CA6E0 /* Crashlytics.framework */,
				52B2AE5329A537DA9172082B /* Pods_Kodi_Remote.framework */,
				EA95699BEF8F153606EAEE3F /* Pods_Kodi_RemoteTests.framework */,
			);
			name = Frameworks;
			sourceTree = "<group>";
		};
		C57213F09F2D2A84C06E72DF /* Pods */ = {
			isa = PBXGroup;
			children = (
				20E51806F2D31FE52785684C /* Pods-Kodi Remote.debug.xcconfig */,
				14042A5C9B757E5A202DEC29 /* Pods-Kodi Remote.release.xcconfig */,
				79BB9F64A85A0C0F988BEF94 /* Pods-Kodi RemoteTests.debug.xcconfig */,
				59CB53679F328BC50C70A07B /* Pods-Kodi RemoteTests.release.xcconfig */,
			);
			name = Pods;
			sourceTree = "<group>";
		};
/* End PBXGroup section */

/* Begin PBXNativeTarget section */
		0A3F9EF21AC0C2BC008C6A4E /* Kodi Remote */ = {
			isa = PBXNativeTarget;
			buildConfigurationList = 0A3F9F121AC0C2BC008C6A4E /* Build configuration list for PBXNativeTarget "Kodi Remote" */;
			buildPhases = (
				D2C7D2BD8DD1684C4401C13D /* Check Pods Manifest.lock */,
				0A3F9EEF1AC0C2BC008C6A4E /* Sources */,
				0A3F9EF01AC0C2BC008C6A4E /* Frameworks */,
				0A3F9EF11AC0C2BC008C6A4E /* Resources */,
				F2C8BBF503771874FFF16E09 /* Embed Pods Frameworks */,
				F2B7443FE76BCECC014B3414 /* Copy Pods Resources */,
				0A71771E1B55B149000CA6E0 /* Embed Frameworks */,
				0AC0E3181B62D4EB003D940C /* Run script: Fabric */,
				0AF2EE581BEFC9D600395313 /* Run Script: Automatic Versioning */,
			);
			buildRules = (
			);
			dependencies = (
			);
			name = "Kodi Remote";
			productName = "Kodi Remote";
			productReference = 0A3F9EF31AC0C2BC008C6A4E /* Kodi Remote.app */;
			productType = "com.apple.product-type.application";
		};
/* End PBXNativeTarget section */

/* Begin PBXProject section */
		0A3F9EEB1AC0C2BC008C6A4E /* Project object */ = {
			isa = PBXProject;
			attributes = {
				LastSwiftMigration = 0710;
				LastSwiftUpdateCheck = 0710;
				LastUpgradeCheck = 0710;
				ORGANIZATIONNAME = "Nyan Software";
				TargetAttributes = {
					0A3F9EF21AC0C2BC008C6A4E = {
						CreatedOnToolsVersion = 6.2;
					};
				};
			};
			buildConfigurationList = 0A3F9EEE1AC0C2BC008C6A4E /* Build configuration list for PBXProject "Kodi Remote" */;
			compatibilityVersion = "Xcode 3.2";
			developmentRegion = English;
			hasScannedForEncodings = 0;
			knownRegions = (
				en,
				Base,
			);
			mainGroup = 0A3F9EEA1AC0C2BC008C6A4E;
			productRefGroup = 0A3F9EF41AC0C2BC008C6A4E /* Products */;
			projectDirPath = "";
			projectRoot = "";
			targets = (
				0A3F9EF21AC0C2BC008C6A4E /* Kodi Remote */,
			);
		};
/* End PBXProject section */

/* Begin PBXResourcesBuildPhase section */
		0A3F9EF11AC0C2BC008C6A4E /* Resources */ = {
			isa = PBXResourcesBuildPhase;
			buildActionMask = 2147483647;
			files = (
				0AA7A1E31B8E7C9A0014FCF4 /* secondary_action.png in Resources */,
				0AA7A1D81B8E749E0014FCF4 /* menu@2x.png in Resources */,
				0AA7A1D11B8E749E0014FCF4 /* back.png in Resources */,
				0A2A1BA81BEFD6A700587FAE /* ProjectTexts.strings in Resources */,
				0AA7A1D41B8E749E0014FCF4 /* bottom@2x.png in Resources */,
				0A3F9F001AC0C2BC008C6A4E /* Images.xcassets in Resources */,
				0AA7A1D21B8E749E0014FCF4 /* back@2x.png in Resources */,
				0AF2EE5A1BEFCA3000395313 /* automatic_versioning.sh in Resources */,
				0AA7A1DE1B8E749E0014FCF4 /* top@2x.png in Resources */,
				0AA7A1DB1B8E749E0014FCF4 /* right.png in Resources */,
				0AA7A1D61B8E749E0014FCF4 /* left@2x.png in Resources */,
				0AA7A1DC1B8E749E0014FCF4 /* right@2x.png in Resources */,
				0AA7A1DA1B8E749E0014FCF4 /* play_pause@2x.png in Resources */,
				0AA7A1D71B8E749E0014FCF4 /* menu.png in Resources */,
				0AA7A1D91B8E749E0014FCF4 /* play_pause.png in Resources */,
				0AA7A1E41B8E7C9A0014FCF4 /* secondary_action@2x.png in Resources */,
				0AA7A1D31B8E749E0014FCF4 /* bottom.png in Resources */,
				0AA7A1DD1B8E749E0014FCF4 /* top.png in Resources */,
				0AA7A1D51B8E749E0014FCF4 /* left.png in Resources */,
				0A016C731AC4AEB900590E32 /* Main.storyboard in Resources */,
			);
			runOnlyForDeploymentPostprocessing = 0;
		};
/* End PBXResourcesBuildPhase section */

/* Begin PBXShellScriptBuildPhase section */
		0AC0E3181B62D4EB003D940C /* Run script: Fabric */ = {
			isa = PBXShellScriptBuildPhase;
			buildActionMask = 2147483647;
			files = (
			);
			inputPaths = (
			);
			name = "Run script: Fabric";
			outputPaths = (
			);
			runOnlyForDeploymentPostprocessing = 0;
			shellPath = /bin/sh;
			shellScript = "./Fabric.framework/run 887247ff2f9ad003c64692515d957f39c279b45f 7e55f8835ec9d902cac6fb40edde02b6b3912de2e4f9793f4c932d9a210c9a4b";
		};
		0AF2EE581BEFC9D600395313 /* Run Script: Automatic Versioning */ = {
			isa = PBXShellScriptBuildPhase;
			buildActionMask = 2147483647;
			files = (
			);
			inputPaths = (
			);
			name = "Run Script: Automatic Versioning";
			outputPaths = (
			);
			runOnlyForDeploymentPostprocessing = 0;
			shellPath = /bin/sh;
			shellScript = ./automatic_versioning.sh;
		};
		D2C7D2BD8DD1684C4401C13D /* Check Pods Manifest.lock */ = {
			isa = PBXShellScriptBuildPhase;
			buildActionMask = 2147483647;
			files = (
			);
			inputPaths = (
			);
			name = "Check Pods Manifest.lock";
			outputPaths = (
			);
			runOnlyForDeploymentPostprocessing = 0;
			shellPath = /bin/sh;
			shellScript = "diff \"${PODS_ROOT}/../Podfile.lock\" \"${PODS_ROOT}/Manifest.lock\" > /dev/null\nif [[ $? != 0 ]] ; then\n    cat << EOM\nerror: The sandbox is not in sync with the Podfile.lock. Run 'pod install' or update your CocoaPods installation.\nEOM\n    exit 1\nfi\n";
			showEnvVarsInLog = 0;
		};
		F2B7443FE76BCECC014B3414 /* Copy Pods Resources */ = {
			isa = PBXShellScriptBuildPhase;
			buildActionMask = 2147483647;
			files = (
			);
			inputPaths = (
			);
			name = "Copy Pods Resources";
			outputPaths = (
			);
			runOnlyForDeploymentPostprocessing = 0;
			shellPath = /bin/sh;
			shellScript = "\"${SRCROOT}/Pods/Target Support Files/Pods-Kodi Remote/Pods-Kodi Remote-resources.sh\"\n";
			showEnvVarsInLog = 0;
		};
		F2C8BBF503771874FFF16E09 /* Embed Pods Frameworks */ = {
			isa = PBXShellScriptBuildPhase;
			buildActionMask = 2147483647;
			files = (
			);
			inputPaths = (
			);
			name = "Embed Pods Frameworks";
			outputPaths = (
			);
			runOnlyForDeploymentPostprocessing = 0;
			shellPath = /bin/sh;
			shellScript = "\"${SRCROOT}/Pods/Target Support Files/Pods-Kodi Remote/Pods-Kodi Remote-frameworks.sh\"\n";
			showEnvVarsInLog = 0;
		};
/* End PBXShellScriptBuildPhase section */

/* Begin PBXSourcesBuildPhase section */
		0A3F9EEF1AC0C2BC008C6A4E /* Sources */ = {
			isa = PBXSourcesBuildPhase;
			buildActionMask = 2147483647;
			files = (
				0AA7A1E01B8E78490014FCF4 /* TransparentButton.swift in Sources */,
				0A8A489A1AC4AF3E000EB0CF /* APIManager.swift in Sources */,
				0A8A48A11AC4B0FF000EB0CF /* ResponderView.swift in Sources */,
				0A9D39CC1ACDE2E300223DB3 /* Constants.swift in Sources */,
				0A4C62D31B66E68700178BF5 /* PreferenceUtils.swift in Sources */,
				0A8A489E1AC4AF5C000EB0CF /* WindowController.swift in Sources */,
				0A3F9EF91AC0C2BC008C6A4E /* AppDelegate.swift in Sources */,
				0A1E6C131ACB579700142684 /* SettingsViewController.swift in Sources */,
				0A4C62CB1B6584BD00178BF5 /* MainViewController.swift in Sources */,
				0A4C62D11B659FCD00178BF5 /* MainViewModel.swift in Sources */,
			);
			runOnlyForDeploymentPostprocessing = 0;
		};
/* End PBXSourcesBuildPhase section */

/* Begin PBXVariantGroup section */
		0A016C711AC4AEB900590E32 /* Main.storyboard */ = {
			isa = PBXVariantGroup;
			children = (
				0A016C721AC4AEB900590E32 /* Base */,
			);
			name = Main.storyboard;
			sourceTree = "<group>";
		};
/* End PBXVariantGroup section */

/* Begin XCBuildConfiguration section */
		0A3F9F101AC0C2BC008C6A4E /* Debug */ = {
			isa = XCBuildConfiguration;
			buildSettings = {
				ALWAYS_SEARCH_USER_PATHS = NO;
				CLANG_CXX_LANGUAGE_STANDARD = "gnu++0x";
				CLANG_CXX_LIBRARY = "libc++";
				CLANG_ENABLE_MODULES = YES;
				CLANG_ENABLE_OBJC_ARC = YES;
				CLANG_WARN_BOOL_CONVERSION = YES;
				CLANG_WARN_CONSTANT_CONVERSION = YES;
				CLANG_WARN_DIRECT_OBJC_ISA_USAGE = YES_ERROR;
				CLANG_WARN_EMPTY_BODY = YES;
				CLANG_WARN_ENUM_CONVERSION = YES;
				CLANG_WARN_INT_CONVERSION = YES;
				CLANG_WARN_OBJC_ROOT_CLASS = YES_ERROR;
				CLANG_WARN_UNREACHABLE_CODE = YES;
				CLANG_WARN__DUPLICATE_METHOD_MATCH = YES;
				CODE_SIGN_IDENTITY = "-";
				COPY_PHASE_STRIP = NO;
				DEBUG_INFORMATION_FORMAT = "dwarf-with-dsym";
				ENABLE_STRICT_OBJC_MSGSEND = YES;
				ENABLE_TESTABILITY = YES;
				GCC_C_LANGUAGE_STANDARD = gnu99;
				GCC_DYNAMIC_NO_PIC = NO;
				GCC_OPTIMIZATION_LEVEL = 0;
				GCC_PREPROCESSOR_DEFINITIONS = (
					"DEBUG=1",
					"$(inherited)",
				);
				GCC_SYMBOLS_PRIVATE_EXTERN = NO;
				GCC_WARN_64_TO_32_BIT_CONVERSION = YES;
				GCC_WARN_ABOUT_RETURN_TYPE = YES_ERROR;
				GCC_WARN_UNDECLARED_SELECTOR = YES;
				GCC_WARN_UNINITIALIZED_AUTOS = YES_AGGRESSIVE;
				GCC_WARN_UNUSED_FUNCTION = YES;
				GCC_WARN_UNUSED_VARIABLE = YES;
				MACOSX_DEPLOYMENT_TARGET = 10.10;
				MTL_ENABLE_DEBUG_INFO = YES;
				ONLY_ACTIVE_ARCH = YES;
				SDKROOT = macosx;
				SWIFT_OPTIMIZATION_LEVEL = "-Onone";
			};
			name = Debug;
		};
		0A3F9F111AC0C2BC008C6A4E /* Release */ = {
			isa = XCBuildConfiguration;
			buildSettings = {
				ALWAYS_SEARCH_USER_PATHS = NO;
				CLANG_CXX_LANGUAGE_STANDARD = "gnu++0x";
				CLANG_CXX_LIBRARY = "libc++";
				CLANG_ENABLE_MODULES = YES;
				CLANG_ENABLE_OBJC_ARC = YES;
				CLANG_WARN_BOOL_CONVERSION = YES;
				CLANG_WARN_CONSTANT_CONVERSION = YES;
				CLANG_WARN_DIRECT_OBJC_ISA_USAGE = YES_ERROR;
				CLANG_WARN_EMPTY_BODY = YES;
				CLANG_WARN_ENUM_CONVERSION = YES;
				CLANG_WARN_INT_CONVERSION = YES;
				CLANG_WARN_OBJC_ROOT_CLASS = YES_ERROR;
				CLANG_WARN_UNREACHABLE_CODE = YES;
				CLANG_WARN__DUPLICATE_METHOD_MATCH = YES;
				CODE_SIGN_IDENTITY = "-";
				COPY_PHASE_STRIP = NO;
				DEBUG_INFORMATION_FORMAT = "dwarf-with-dsym";
				ENABLE_NS_ASSERTIONS = NO;
				ENABLE_STRICT_OBJC_MSGSEND = YES;
				GCC_C_LANGUAGE_STANDARD = gnu99;
				GCC_WARN_64_TO_32_BIT_CONVERSION = YES;
				GCC_WARN_ABOUT_RETURN_TYPE = YES_ERROR;
				GCC_WARN_UNDECLARED_SELECTOR = YES;
				GCC_WARN_UNINITIALIZED_AUTOS = YES_AGGRESSIVE;
				GCC_WARN_UNUSED_FUNCTION = YES;
				GCC_WARN_UNUSED_VARIABLE = YES;
				MACOSX_DEPLOYMENT_TARGET = 10.10;
				MTL_ENABLE_DEBUG_INFO = NO;
				SDKROOT = macosx;
			};
			name = Release;
		};
		0A3F9F131AC0C2BC008C6A4E /* Debug */ = {
			isa = XCBuildConfiguration;
			baseConfigurationReference = 20E51806F2D31FE52785684C /* Pods-Kodi Remote.debug.xcconfig */;
			buildSettings = {
				ASSETCATALOG_COMPILER_APPICON_NAME = AppIcon;
				COMBINE_HIDPI_IMAGES = YES;
				FRAMEWORK_SEARCH_PATHS = (
					"$(inherited)",
					"$(PROJECT_DIR)",
				);
				INFOPLIST_FILE = "Kodi Remote/Info.plist";
				LD_RUNPATH_SEARCH_PATHS = "$(inherited) @executable_path/../Frameworks";
				PRODUCT_BUNDLE_IDENTIFIER = "com.nyansoftware.$(PRODUCT_NAME:rfc1034identifier)";
				PRODUCT_NAME = "$(TARGET_NAME)";
			};
			name = Debug;
		};
		0A3F9F141AC0C2BC008C6A4E /* Release */ = {
			isa = XCBuildConfiguration;
			baseConfigurationReference = 14042A5C9B757E5A202DEC29 /* Pods-Kodi Remote.release.xcconfig */;
			buildSettings = {
				ASSETCATALOG_COMPILER_APPICON_NAME = AppIcon;
				COMBINE_HIDPI_IMAGES = YES;
				FRAMEWORK_SEARCH_PATHS = (
					"$(inherited)",
					"$(PROJECT_DIR)",
				);
				INFOPLIST_FILE = "Kodi Remote/Info.plist";
				LD_RUNPATH_SEARCH_PATHS = "$(inherited) @executable_path/../Frameworks";
				PRODUCT_BUNDLE_IDENTIFIER = "com.nyansoftware.$(PRODUCT_NAME:rfc1034identifier)";
				PRODUCT_NAME = "$(TARGET_NAME)";
			};
			name = Release;
		};
/* End XCBuildConfiguration section */

/* Begin XCConfigurationList section */
		0A3F9EEE1AC0C2BC008C6A4E /* Build configuration list for PBXProject "Kodi Remote" */ = {
			isa = XCConfigurationList;
			buildConfigurations = (
				0A3F9F101AC0C2BC008C6A4E /* Debug */,
				0A3F9F111AC0C2BC008C6A4E /* Release */,
			);
			defaultConfigurationIsVisible = 0;
			defaultConfigurationName = Release;
		};
		0A3F9F121AC0C2BC008C6A4E /* Build configuration list for PBXNativeTarget "Kodi Remote" */ = {
			isa = XCConfigurationList;
			buildConfigurations = (
				0A3F9F131AC0C2BC008C6A4E /* Debug */,
				0A3F9F141AC0C2BC008C6A4E /* Release */,
			);
			defaultConfigurationIsVisible = 0;
			defaultConfigurationName = Release;
		};
/* End XCConfigurationList section */
	};
	rootObject = 0A3F9EEB1AC0C2BC008C6A4E /* Project object */;
}
